
Microsoft Visual Studio Solution File, Format Version 12.00
# Visual Studio Version 16
VisualStudioVersion = 16.0.31624.102
MinimumVisualStudioVersion = 10.0.40219.1
Project("{8BC9CEB8-8B4A-11D0-8D11-00A0C91BC942}") = "selyavko-iii", "selyavko-iii\selyavko-iii.vcxproj", "{960EA822-9C7D-470E-8176-D4F2E28A9B9C}"
EndProject
Global
	GlobalSection(SolutionConfigurationPlatforms) = preSolution
		Debug|x64 = Debug|x64
		Debug|x86 = Debug|x86
		Release|x64 = Release|x64
		Release|x86 = Release|x86
	EndGlobalSection
	GlobalSection(ProjectConfigurationPlatforms) = postSolution
		{960EA822-9C7D-470E-8176-D4F2E28A9B9C}.Debug|x64.ActiveCfg = Debug|x64
		{960EA822-9C7D-470E-8176-D4F2E28A9B9C}.Debug|x64.Build.0 = Debug|x64
		{960EA822-9C7D-470E-8176-D4F2E28A9B9C}.Debug|x86.ActiveCfg = Debug|Win32
		{960EA822-9C7D-470E-8176-D4F2E28A9B9C}.Debug|x86.Build.0 = Debug|Win32
		{960EA822-9C7D-470E-8176-D4F2E28A9B9C}.Release|x64.ActiveCfg = Release|x64
		{960EA822-9C7D-470E-8176-D4F2E28A9B9C}.Release|x64.Build.0 = Release|x64
		{960EA822-9C7D-470E-8176-D4F2E28A9B9C}.Release|x86.ActiveCfg = Release|Win32
		{960EA822-9C7D-470E-8176-D4F2E28A9B9C}.Release|x86.Build.0 = Release|Win32
	EndGlobalSection
	GlobalSection(SolutionProperties) = preSolution
		HideSolutionNode = FALSE
	EndGlobalSection
	GlobalSection(ExtensibilityGlobals) = postSolution
		SolutionGuid = {2B264E3D-315F-4752-87C9-03ECB0C18F8E}
	EndGlobalSection
EndGlobal
