
Microsoft Visual Studio Solution File, Format Version 12.00
# Visual Studio Version 16
VisualStudioVersion = 16.0.31624.102
MinimumVisualStudioVersion = 10.0.40219.1
Project("{8BC9CEB8-8B4A-11D0-8D11-00A0C91BC942}") = "MiniDraw", "MiniDraw\MiniDraw.vcxproj", "{E8789B42-3998-4946-B8A5-D7438064D30D}"
EndProject
Global
	GlobalSection(SolutionConfigurationPlatforms) = preSolution
		Debug|x64 = Debug|x64
		Debug|x86 = Debug|x86
		Release|x64 = Release|x64
		Release|x86 = Release|x86
	EndGlobalSection
	GlobalSection(ProjectConfigurationPlatforms) = postSolution
		{E8789B42-3998-4946-B8A5-D7438064D30D}.Debug|x64.ActiveCfg = Debug|x64
		{E8789B42-3998-4946-B8A5-D7438064D30D}.Debug|x64.Build.0 = Debug|x64
		{E8789B42-3998-4946-B8A5-D7438064D30D}.Debug|x86.ActiveCfg = Debug|Win32
		{E8789B42-3998-4946-B8A5-D7438064D30D}.Debug|x86.Build.0 = Debug|Win32
		{E8789B42-3998-4946-B8A5-D7438064D30D}.Release|x64.ActiveCfg = Release|x64
		{E8789B42-3998-4946-B8A5-D7438064D30D}.Release|x64.Build.0 = Release|x64
		{E8789B42-3998-4946-B8A5-D7438064D30D}.Release|x86.ActiveCfg = Release|Win32
		{E8789B42-3998-4946-B8A5-D7438064D30D}.Release|x86.Build.0 = Release|Win32
	EndGlobalSection
	GlobalSection(SolutionProperties) = preSolution
		HideSolutionNode = FALSE
	EndGlobalSection
	GlobalSection(ExtensibilityGlobals) = postSolution
		SolutionGuid = {1EEB7096-160A-4174-8233-F974163D73E5}
	EndGlobalSection
EndGlobal
